<?xml version="1.0" encoding="utf-8"?>
<Project ToolsVersion="4.0" xmlns="http://schemas.microsoft.com/developer/msbuild/2003">
  <ItemGroup>
    <Filter Include="Source Files">
      <UniqueIdentifier>{4FC737F1-C7A5-4376-A066-2A32D752A2FF}</UniqueIdentifier>
      <Extensions>cpp;c;cc;cxx;def;odl;idl;hpj;bat;asm;asmx</Extensions>
    </Filter>
    <Filter Include="Header Files">
      <UniqueIdentifier>{93995380-89BD-4b04-88EB-625FBE52EBFB}</UniqueIdentifier>
      <Extensions>h;hh;hpp;hxx;hm;inl;inc;ipp;xsd</Extensions>
    </Filter>
    <Filter Include="Resource Files">
      <UniqueIdentifier>{67DA6AB6-F800-4c08-8B7A-83BB121AAD01}</UniqueIdentifier>
      <Extensions>rc;ico;cur;bmp;dlg;rc2;rct;bin;rgs;gif;jpg;jpeg;jpe;resx;tiff;tif;png;wav;mfcribbon-ms</Extensions>
    </Filter>
    <Filter Include="Source Files\data structure">
      <UniqueIdentifier>{6a303ba1-cb10-4b6a-98e6-4d36f60eaac6}</UniqueIdentifier>
    </Filter>
    <Filter Include="Source Files\gameLoop">
      <UniqueIdentifier>{f1d7aa39-b89b-4fc9-a46c-d2a33ebd5d0f}</UniqueIdentifier>
    </Filter>
    <Filter Include="Source Files\windowsFunctionality">
      <UniqueIdentifier>{2ea83a7e-7df7-4399-b2f3-43f1ccfaa416}</UniqueIdentifier>
    </Filter>
    <Filter Include="Source Files\gameSystems">
      <UniqueIdentifier>{80f92bd8-3df5-4b12-b5dd-e2e1fe68d297}</UniqueIdentifier>
    </Filter>
  </ItemGroup>
  <ItemGroup>
    <ClCompile Include="engineCode\gameLoop.cpp">
      <Filter>Source Files\gameLoop</Filter>
    </ClCompile>
    <ClCompile Include="engineCode\applicationWindow.cpp">
      <Filter>Source Files\windowsFunctionality</Filter>
    </ClCompile>
    <ClCompile Include="engineCode\gameWindow.cpp">
      <Filter>Source Files\windowsFunctionality</Filter>
    </ClCompile>
    <ClCompile Include="engineCode\main.cpp">
      <Filter>Source Files\windowsFunctionality</Filter>
    </ClCompile>
  </ItemGroup>
  <ItemGroup>
    <ClInclude Include="engineCode\gameLoop.h">
      <Filter>Source Files\gameLoop</Filter>
    </ClInclude>
    <ClInclude Include="engineCode\applicationWindow.h">
      <Filter>Source Files\windowsFunctionality</Filter>
    </ClInclude>
    <ClInclude Include="engineCode\gameWindow.h">
      <Filter>Source Files\windowsFunctionality</Filter>
    </ClInclude>
  </ItemGroup>
</Project>